
Microsoft Visual Studio Solution File, Format Version 12.00
# Visual Studio 15
VisualStudioVersion = 15.0.28307.421
MinimumVisualStudioVersion = 10.0.40219.1
Project("{FAE04EC0-301F-11D3-BF4B-00C04F79EFBC}") = "TwoPickerDemo.Android", "TwoPickerDemo\TwoPickerDemo.Android\TwoPickerDemo.Android.csproj", "{D4027316-FCF0-4872-94C1-0B620F8D973D}"
EndProject
Project("{FAE04EC0-301F-11D3-BF4B-00C04F79EFBC}") = "TwoPickerDemo.iOS", "TwoPickerDemo\TwoPickerDemo.iOS\TwoPickerDemo.iOS.csproj", "{F50C51D5-D944-427D-8F3F-83E262E20705}"
EndProject
Project("{FAE04EC0-301F-11D3-BF4B-00C04F79EFBC}") = "TwoPickerDemo", "TwoPickerDemo\TwoPickerDemo\TwoPickerDemo.csproj", "{DB5E7A64-459F-4CBD-BDF5-47884F7EC3DF}"
EndProject
Global
	GlobalSection(SolutionConfigurationPlatforms) = preSolution
		Ad-Hoc|Any CPU = Ad-Hoc|Any CPU
		Ad-Hoc|iPhone = Ad-Hoc|iPhone
		Ad-Hoc|iPhoneSimulator = Ad-Hoc|iPhoneSimulator
		AppStore|Any CPU = AppStore|Any CPU
		AppStore|iPhone = AppStore|iPhone
		AppStore|iPhoneSimulator = AppStore|iPhoneSimulator
		Debug|Any CPU = Debug|Any CPU
		Debug|iPhone = Debug|iPhone
		Debug|iPhoneSimulator = Debug|iPhoneSimulator
		Release|Any CPU = Release|Any CPU
		Release|iPhone = Release|iPhone
		Release|iPhoneSimulator = Release|iPhoneSimulator
	EndGlobalSection
	GlobalSection(ProjectConfigurationPlatforms) = postSolution
		{D4027316-FCF0-4872-94C1-0B620F8D973D}.Ad-Hoc|Any CPU.ActiveCfg = Release|Any CPU
		{D4027316-FCF0-4872-94C1-0B620F8D973D}.Ad-Hoc|Any CPU.Build.0 = Release|Any CPU
		{D4027316-FCF0-4872-94C1-0B620F8D973D}.Ad-Hoc|Any CPU.Deploy.0 = Release|Any CPU
		{D4027316-FCF0-4872-94C1-0B620F8D973D}.Ad-Hoc|iPhone.ActiveCfg = Release|Any CPU
		{D4027316-FCF0-4872-94C1-0B620F8D973D}.Ad-Hoc|iPhone.Build.0 = Release|Any CPU
		{D4027316-FCF0-4872-94C1-0B620F8D973D}.Ad-Hoc|iPhone.Deploy.0 = Release|Any CPU
		{D4027316-FCF0-4872-94C1-0B620F8D973D}.Ad-Hoc|iPhoneSimulator.ActiveCfg = Release|Any CPU
		{D4027316-FCF0-4872-94C1-0B620F8D973D}.Ad-Hoc|iPhoneSimulator.Build.0 = Release|Any CPU
		{D4027316-FCF0-4872-94C1-0B620F8D973D}.Ad-Hoc|iPhoneSimulator.Deploy.0 = Release|Any CPU
		{D4027316-FCF0-4872-94C1-0B620F8D973D}.AppStore|Any CPU.ActiveCfg = Release|Any CPU
		{D4027316-FCF0-4872-94C1-0B620F8D973D}.AppStore|Any CPU.Build.0 = Release|Any CPU
		{D4027316-FCF0-4872-94C1-0B620F8D973D}.AppStore|Any CPU.Deploy.0 = Release|Any CPU
		{D4027316-FCF0-4872-94C1-0B620F8D973D}.AppStore|iPhone.ActiveCfg = Release|Any CPU
		{D4027316-FCF0-4872-94C1-0B620F8D973D}.AppStore|iPhone.Build.0 = Release|Any CPU
		{D4027316-FCF0-4872-94C1-0B620F8D973D}.AppStore|iPhone.Deploy.0 = Release|Any CPU
		{D4027316-FCF0-4872-94C1-0B620F8D973D}.AppStore|iPhoneSimulator.ActiveCfg = Release|Any CPU
		{D4027316-FCF0-4872-94C1-0B620F8D973D}.AppStore|iPhoneSimulator.Build.0 = Release|Any CPU
		{D4027316-FCF0-4872-94C1-0B620F8D973D}.AppStore|iPhoneSimulator.Deploy.0 = Release|Any CPU
		{D4027316-FCF0-4872-94C1-0B620F8D973D}.Debug|Any CPU.ActiveCfg = Debug|Any CPU
		{D4027316-FCF0-4872-94C1-0B620F8D973D}.Debug|Any CPU.Build.0 = Debug|Any CPU
		{D4027316-FCF0-4872-94C1-0B620F8D973D}.Debug|Any CPU.Deploy.0 = Debug|Any CPU
		{D4027316-FCF0-4872-94C1-0B620F8D973D}.Debug|iPhone.ActiveCfg = Debug|Any CPU
		{D4027316-FCF0-4872-94C1-0B620F8D973D}.Debug|iPhone.Build.0 = Debug|Any CPU
		{D4027316-FCF0-4872-94C1-0B620F8D973D}.Debug|iPhone.Deploy.0 = Debug|Any CPU
		{D4027316-FCF0-4872-94C1-0B620F8D973D}.Debug|iPhoneSimulator.ActiveCfg = Debug|Any CPU
		{D4027316-FCF0-4872-94C1-0B620F8D973D}.Debug|iPhoneSimulator.Build.0 = Debug|Any CPU
		{D4027316-FCF0-4872-94C1-0B620F8D973D}.Debug|iPhoneSimulator.Deploy.0 = Debug|Any CPU
		{D4027316-FCF0-4872-94C1-0B620F8D973D}.Release|Any CPU.ActiveCfg = Release|Any CPU
		{D4027316-FCF0-4872-94C1-0B620F8D973D}.Release|Any CPU.Build.0 = Release|Any CPU
		{D4027316-FCF0-4872-94C1-0B620F8D973D}.Release|Any CPU.Deploy.0 = Release|Any CPU
		{D4027316-FCF0-4872-94C1-0B620F8D973D}.Release|iPhone.ActiveCfg = Release|Any CPU
		{D4027316-FCF0-4872-94C1-0B620F8D973D}.Release|iPhone.Build.0 = Release|Any CPU
		{D4027316-FCF0-4872-94C1-0B620F8D973D}.Release|iPhone.Deploy.0 = Release|Any CPU
		{D4027316-FCF0-4872-94C1-0B620F8D973D}.Release|iPhoneSimulator.ActiveCfg = Release|Any CPU
		{D4027316-FCF0-4872-94C1-0B620F8D973D}.Release|iPhoneSimulator.Build.0 = Release|Any CPU
		{D4027316-FCF0-4872-94C1-0B620F8D973D}.Release|iPhoneSimulator.Deploy.0 = Release|Any CPU
		{F50C51D5-D944-427D-8F3F-83E262E20705}.Ad-Hoc|Any CPU.ActiveCfg = Ad-Hoc|iPhone
		{F50C51D5-D944-427D-8F3F-83E262E20705}.Ad-Hoc|Any CPU.Build.0 = Ad-Hoc|iPhone
		{F50C51D5-D944-427D-8F3F-83E262E20705}.Ad-Hoc|Any CPU.Deploy.0 = Ad-Hoc|iPhone
		{F50C51D5-D944-427D-8F3F-83E262E20705}.Ad-Hoc|iPhone.ActiveCfg = Ad-Hoc|iPhone
		{F50C51D5-D944-427D-8F3F-83E262E20705}.Ad-Hoc|iPhone.Build.0 = Ad-Hoc|iPhone
		{F50C51D5-D944-427D-8F3F-83E262E20705}.Ad-Hoc|iPhone.Deploy.0 = Ad-Hoc|iPhone
		{F50C51D5-D944-427D-8F3F-83E262E20705}.Ad-Hoc|iPhoneSimulator.ActiveCfg = Ad-Hoc|iPhoneSimulator
		{F50C51D5-D944-427D-8F3F-83E262E20705}.Ad-Hoc|iPhoneSimulator.Build.0 = Ad-Hoc|iPhoneSimulator
		{F50C51D5-D944-427D-8F3F-83E262E20705}.Ad-Hoc|iPhoneSimulator.Deploy.0 = Ad-Hoc|iPhoneSimulator
		{F50C51D5-D944-427D-8F3F-83E262E20705}.AppStore|Any CPU.ActiveCfg = AppStore|iPhone
		{F50C51D5-D944-427D-8F3F-83E262E20705}.AppStore|Any CPU.Build.0 = AppStore|iPhone
		{F50C51D5-D944-427D-8F3F-83E262E20705}.AppStore|Any CPU.Deploy.0 = AppStore|iPhone
		{F50C51D5-D944-427D-8F3F-83E262E20705}.AppStore|iPhone.ActiveCfg = AppStore|iPhone
		{F50C51D5-D944-427D-8F3F-83E262E20705}.AppStore|iPhone.Build.0 = AppStore|iPhone
		{F50C51D5-D944-427D-8F3F-83E262E20705}.AppStore|iPhone.Deploy.0 = AppStore|iPhone
		{F50C51D5-D944-427D-8F3F-83E262E20705}.AppStore|iPhoneSimulator.ActiveCfg = AppStore|iPhoneSimulator
		{F50C51D5-D944-427D-8F3F-83E262E20705}.AppStore|iPhoneSimulator.Build.0 = AppStore|iPhoneSimulator
		{F50C51D5-D944-427D-8F3F-83E262E20705}.AppStore|iPhoneSimulator.Deploy.0 = AppStore|iPhoneSimulator
		{F50C51D5-D944-427D-8F3F-83E262E20705}.Debug|Any CPU.ActiveCfg = Debug|iPhoneSimulator
		{F50C51D5-D944-427D-8F3F-83E262E20705}.Debug|Any CPU.Build.0 = Debug|iPhoneSimulator
		{F50C51D5-D944-427D-8F3F-83E262E20705}.Debug|Any CPU.Deploy.0 = Debug|iPhoneSimulator
		{F50C51D5-D944-427D-8F3F-83E262E20705}.Debug|iPhone.ActiveCfg = Debug|iPhone
		{F50C51D5-D944-427D-8F3F-83E262E20705}.Debug|iPhone.Build.0 = Debug|iPhone
		{F50C51D5-D944-427D-8F3F-83E262E20705}.Debug|iPhone.Deploy.0 = Debug|iPhone
		{F50C51D5-D944-427D-8F3F-83E262E20705}.Debug|iPhoneSimulator.ActiveCfg = Debug|iPhoneSimulator
		{F50C51D5-D944-427D-8F3F-83E262E20705}.Debug|iPhoneSimulator.Build.0 = Debug|iPhoneSimulator
		{F50C51D5-D944-427D-8F3F-83E262E20705}.Debug|iPhoneSimulator.Deploy.0 = Debug|iPhoneSimulator
		{F50C51D5-D944-427D-8F3F-83E262E20705}.Release|Any CPU.ActiveCfg = Release|iPhone
		{F50C51D5-D944-427D-8F3F-83E262E20705}.Release|Any CPU.Build.0 = Release|iPhone
		{F50C51D5-D944-427D-8F3F-83E262E20705}.Release|Any CPU.Deploy.0 = Release|iPhone
		{F50C51D5-D944-427D-8F3F-83E262E20705}.Release|iPhone.ActiveCfg = Release|iPhone
		{F50C51D5-D944-427D-8F3F-83E262E20705}.Release|iPhone.Build.0 = Release|iPhone
		{F50C51D5-D944-427D-8F3F-83E262E20705}.Release|iPhone.Deploy.0 = Release|iPhone
		{F50C51D5-D944-427D-8F3F-83E262E20705}.Release|iPhoneSimulator.ActiveCfg = Release|iPhoneSimulator
		{F50C51D5-D944-427D-8F3F-83E262E20705}.Release|iPhoneSimulator.Build.0 = Release|iPhoneSimulator
		{F50C51D5-D944-427D-8F3F-83E262E20705}.Release|iPhoneSimulator.Deploy.0 = Release|iPhoneSimulator
		{DB5E7A64-459F-4CBD-BDF5-47884F7EC3DF}.Ad-Hoc|Any CPU.ActiveCfg = Debug|Any CPU
		{DB5E7A64-459F-4CBD-BDF5-47884F7EC3DF}.Ad-Hoc|Any CPU.Build.0 = Debug|Any CPU
		{DB5E7A64-459F-4CBD-BDF5-47884F7EC3DF}.Ad-Hoc|Any CPU.Deploy.0 = Debug|Any CPU
		{DB5E7A64-459F-4CBD-BDF5-47884F7EC3DF}.Ad-Hoc|iPhone.ActiveCfg = Debug|Any CPU
		{DB5E7A64-459F-4CBD-BDF5-47884F7EC3DF}.Ad-Hoc|iPhone.Build.0 = Debug|Any CPU
		{DB5E7A64-459F-4CBD-BDF5-47884F7EC3DF}.Ad-Hoc|iPhone.Deploy.0 = Debug|Any CPU
		{DB5E7A64-459F-4CBD-BDF5-47884F7EC3DF}.Ad-Hoc|iPhoneSimulator.ActiveCfg = Debug|Any CPU
		{DB5E7A64-459F-4CBD-BDF5-47884F7EC3DF}.Ad-Hoc|iPhoneSimulator.Build.0 = Debug|Any CPU
		{DB5E7A64-459F-4CBD-BDF5-47884F7EC3DF}.Ad-Hoc|iPhoneSimulator.Deploy.0 = Debug|Any CPU
		{DB5E7A64-459F-4CBD-BDF5-47884F7EC3DF}.AppStore|Any CPU.ActiveCfg = Debug|Any CPU
		{DB5E7A64-459F-4CBD-BDF5-47884F7EC3DF}.AppStore|Any CPU.Build.0 = Debug|Any CPU
		{DB5E7A64-459F-4CBD-BDF5-47884F7EC3DF}.AppStore|Any CPU.Deploy.0 = Debug|Any CPU
		{DB5E7A64-459F-4CBD-BDF5-47884F7EC3DF}.AppStore|iPhone.ActiveCfg = Debug|Any CPU
		{DB5E7A64-459F-4CBD-BDF5-47884F7EC3DF}.AppStore|iPhone.Build.0 = Debug|Any CPU
		{DB5E7A64-459F-4CBD-BDF5-47884F7EC3DF}.AppStore|iPhone.Deploy.0 = Debug|Any CPU
		{DB5E7A64-459F-4CBD-BDF5-47884F7EC3DF}.AppStore|iPhoneSimulator.ActiveCfg = Debug|Any CPU
		{DB5E7A64-459F-4CBD-BDF5-47884F7EC3DF}.AppStore|iPhoneSimulator.Build.0 = Debug|Any CPU
		{DB5E7A64-459F-4CBD-BDF5-47884F7EC3DF}.AppStore|iPhoneSimulator.Deploy.0 = Debug|Any CPU
		{DB5E7A64-459F-4CBD-BDF5-47884F7EC3DF}.Debug|Any CPU.ActiveCfg = Debug|Any CPU
		{DB5E7A64-459F-4CBD-BDF5-47884F7EC3DF}.Debug|Any CPU.Build.0 = Debug|Any CPU
		{DB5E7A64-459F-4CBD-BDF5-47884F7EC3DF}.Debug|Any CPU.Deploy.0 = Debug|Any CPU
		{DB5E7A64-459F-4CBD-BDF5-47884F7EC3DF}.Debug|iPhone.ActiveCfg = Debug|Any CPU
		{DB5E7A64-459F-4CBD-BDF5-47884F7EC3DF}.Debug|iPhone.Build.0 = Debug|Any CPU
		{DB5E7A64-459F-4CBD-BDF5-47884F7EC3DF}.Debug|iPhone.Deploy.0 = Debug|Any CPU
		{DB5E7A64-459F-4CBD-BDF5-47884F7EC3DF}.Debug|iPhoneSimulator.ActiveCfg = Debug|Any CPU
		{DB5E7A64-459F-4CBD-BDF5-47884F7EC3DF}.Debug|iPhoneSimulator.Build.0 = Debug|Any CPU
		{DB5E7A64-459F-4CBD-BDF5-47884F7EC3DF}.Debug|iPhoneSimulator.Deploy.0 = Debug|Any CPU
		{DB5E7A64-459F-4CBD-BDF5-47884F7EC3DF}.Release|Any CPU.ActiveCfg = Release|Any CPU
		{DB5E7A64-459F-4CBD-BDF5-47884F7EC3DF}.Release|Any CPU.Build.0 = Release|Any CPU
		{DB5E7A64-459F-4CBD-BDF5-47884F7EC3DF}.Release|Any CPU.Deploy.0 = Release|Any CPU
		{DB5E7A64-459F-4CBD-BDF5-47884F7EC3DF}.Release|iPhone.ActiveCfg = Release|Any CPU
		{DB5E7A64-459F-4CBD-BDF5-47884F7EC3DF}.Release|iPhone.Build.0 = Release|Any CPU
		{DB5E7A64-459F-4CBD-BDF5-47884F7EC3DF}.Release|iPhone.Deploy.0 = Release|Any CPU
		{DB5E7A64-459F-4CBD-BDF5-47884F7EC3DF}.Release|iPhoneSimulator.ActiveCfg = Release|Any CPU
		{DB5E7A64-459F-4CBD-BDF5-47884F7EC3DF}.Release|iPhoneSimulator.Build.0 = Release|Any CPU
		{DB5E7A64-459F-4CBD-BDF5-47884F7EC3DF}.Release|iPhoneSimulator.Deploy.0 = Release|Any CPU
	EndGlobalSection
	GlobalSection(SolutionProperties) = preSolution
		HideSolutionNode = FALSE
	EndGlobalSection
	GlobalSection(ExtensibilityGlobals) = postSolution
		SolutionGuid = {F08C8637-B104-4BC1-B47F-5A7A056C3CED}
	EndGlobalSection
EndGlobal
